
Microsoft Visual Studio Solution File, Format Version 11.00
# Visual Studio 2010
Project("{FAE04EC0-301F-11D3-BF4B-00C04F79EFBC}") = "ITALIAN_FOOD", "ITALIAN_FOOD\ITALIAN_FOOD.csproj", "{A8BC2544-3894-47A2-8E4F-BF3AC1BA6CB3}"
EndProject
Global
	GlobalSection(SolutionConfigurationPlatforms) = preSolution
		Debug|x86 = Debug|x86
		Release|x86 = Release|x86
	EndGlobalSection
	GlobalSection(ProjectConfigurationPlatforms) = postSolution
		{A8BC2544-3894-47A2-8E4F-BF3AC1BA6CB3}.Debug|x86.ActiveCfg = Debug|x86
		{A8BC2544-3894-47A2-8E4F-BF3AC1BA6CB3}.Debug|x86.Build.0 = Debug|x86
		{A8BC2544-3894-47A2-8E4F-BF3AC1BA6CB3}.Release|x86.ActiveCfg = Release|x86
		{A8BC2544-3894-47A2-8E4F-BF3AC1BA6CB3}.Release|x86.Build.0 = Release|x86
	EndGlobalSection
	GlobalSection(SolutionProperties) = preSolution
		HideSolutionNode = FALSE
	EndGlobalSection
EndGlobal
